
Microsoft Visual Studio Solution File, Format Version 12.00
# Visual Studio Version 16
VisualStudioVersion = 16.0.29613.14
MinimumVisualStudioVersion = 10.0.40219.1
Project("{FAE04EC0-301F-11D3-BF4B-00C04F79EFBC}") = "BeachMdq.Api", "BeachMdq.Api\BeachMdq.Api.csproj", "{D92A2EA8-49AC-4BC1-9049-819AAF069E05}"
EndProject
Project("{2150E333-8FDC-42A3-9474-1A3956D46DE8}") = "Infrastructure", "Infrastructure", "{A8106A23-0D7B-4762-90C9-06F3C4C359DF}"
EndProject
Project("{FAE04EC0-301F-11D3-BF4B-00C04F79EFBC}") = "Infrastructure.Data", "Infrastructure.Data\Infrastructure.Data.csproj", "{18704B13-466B-47BD-8F18-6176317F9082}"
EndProject
Global
	GlobalSection(SolutionConfigurationPlatforms) = preSolution
		Debug|Any CPU = Debug|Any CPU
		Release|Any CPU = Release|Any CPU
	EndGlobalSection
	GlobalSection(ProjectConfigurationPlatforms) = postSolution
		{D92A2EA8-49AC-4BC1-9049-819AAF069E05}.Debug|Any CPU.ActiveCfg = Debug|Any CPU
		{D92A2EA8-49AC-4BC1-9049-819AAF069E05}.Debug|Any CPU.Build.0 = Debug|Any CPU
		{D92A2EA8-49AC-4BC1-9049-819AAF069E05}.Release|Any CPU.ActiveCfg = Release|Any CPU
		{D92A2EA8-49AC-4BC1-9049-819AAF069E05}.Release|Any CPU.Build.0 = Release|Any CPU
		{18704B13-466B-47BD-8F18-6176317F9082}.Debug|Any CPU.ActiveCfg = Debug|Any CPU
		{18704B13-466B-47BD-8F18-6176317F9082}.Debug|Any CPU.Build.0 = Debug|Any CPU
		{18704B13-466B-47BD-8F18-6176317F9082}.Release|Any CPU.ActiveCfg = Release|Any CPU
		{18704B13-466B-47BD-8F18-6176317F9082}.Release|Any CPU.Build.0 = Release|Any CPU
	EndGlobalSection
	GlobalSection(SolutionProperties) = preSolution
		HideSolutionNode = FALSE
	EndGlobalSection
	GlobalSection(NestedProjects) = preSolution
		{18704B13-466B-47BD-8F18-6176317F9082} = {A8106A23-0D7B-4762-90C9-06F3C4C359DF}
	EndGlobalSection
	GlobalSection(ExtensibilityGlobals) = postSolution
		SolutionGuid = {32220912-1657-4BE5-B1A4-63B39AB07296}
	EndGlobalSection
EndGlobal
